
Microsoft Visual Studio Solution File, Format Version 12.00
# Visual Studio Version 16
VisualStudioVersion = 16.0.30413.136
MinimumVisualStudioVersion = 10.0.40219.1
Project("{FAE04EC0-301F-11D3-BF4B-00C04F79EFBC}") = "WhyDelegate", "WhyDelegate\WhyDelegate.csproj", "{D0A804CE-B9B6-4FE5-85B0-72DE8FD36221}"
EndProject
Project("{FAE04EC0-301F-11D3-BF4B-00C04F79EFBC}") = "Reusability", "Reusability\Reusability.csproj", "{C40488B1-5F8B-4628-8A48-D36DA39557EA}"
EndProject
Project("{FAE04EC0-301F-11D3-BF4B-00C04F79EFBC}") = "NewTask", "NewTask\NewTask.csproj", "{CE38B19F-D7F5-4D04-BF2A-1A8FBDB3F6E6}"
EndProject
Project("{FAE04EC0-301F-11D3-BF4B-00C04F79EFBC}") = "AsyncProgram", "AsyncProgram\AsyncProgram.csproj", "{EE78956F-A3CA-4921-B9B4-DD88B0DCF7BA}"
EndProject
Project("{FAE04EC0-301F-11D3-BF4B-00C04F79EFBC}") = "SychronizationApp", "SychronizationApp\SychronizationApp.csproj", "{57D332ED-0EB7-4D1C-A65D-3BE9C68CBFC7}"
EndProject
Global
	GlobalSection(SolutionConfigurationPlatforms) = preSolution
		Debug|Any CPU = Debug|Any CPU
		Release|Any CPU = Release|Any CPU
	EndGlobalSection
	GlobalSection(ProjectConfigurationPlatforms) = postSolution
		{D0A804CE-B9B6-4FE5-85B0-72DE8FD36221}.Debug|Any CPU.ActiveCfg = Debug|Any CPU
		{D0A804CE-B9B6-4FE5-85B0-72DE8FD36221}.Debug|Any CPU.Build.0 = Debug|Any CPU
		{D0A804CE-B9B6-4FE5-85B0-72DE8FD36221}.Release|Any CPU.ActiveCfg = Release|Any CPU
		{D0A804CE-B9B6-4FE5-85B0-72DE8FD36221}.Release|Any CPU.Build.0 = Release|Any CPU
		{C40488B1-5F8B-4628-8A48-D36DA39557EA}.Debug|Any CPU.ActiveCfg = Debug|Any CPU
		{C40488B1-5F8B-4628-8A48-D36DA39557EA}.Debug|Any CPU.Build.0 = Debug|Any CPU
		{C40488B1-5F8B-4628-8A48-D36DA39557EA}.Release|Any CPU.ActiveCfg = Release|Any CPU
		{C40488B1-5F8B-4628-8A48-D36DA39557EA}.Release|Any CPU.Build.0 = Release|Any CPU
		{CE38B19F-D7F5-4D04-BF2A-1A8FBDB3F6E6}.Debug|Any CPU.ActiveCfg = Debug|Any CPU
		{CE38B19F-D7F5-4D04-BF2A-1A8FBDB3F6E6}.Debug|Any CPU.Build.0 = Debug|Any CPU
		{CE38B19F-D7F5-4D04-BF2A-1A8FBDB3F6E6}.Release|Any CPU.ActiveCfg = Release|Any CPU
		{CE38B19F-D7F5-4D04-BF2A-1A8FBDB3F6E6}.Release|Any CPU.Build.0 = Release|Any CPU
		{EE78956F-A3CA-4921-B9B4-DD88B0DCF7BA}.Debug|Any CPU.ActiveCfg = Debug|Any CPU
		{EE78956F-A3CA-4921-B9B4-DD88B0DCF7BA}.Debug|Any CPU.Build.0 = Debug|Any CPU
		{EE78956F-A3CA-4921-B9B4-DD88B0DCF7BA}.Release|Any CPU.ActiveCfg = Release|Any CPU
		{EE78956F-A3CA-4921-B9B4-DD88B0DCF7BA}.Release|Any CPU.Build.0 = Release|Any CPU
		{57D332ED-0EB7-4D1C-A65D-3BE9C68CBFC7}.Debug|Any CPU.ActiveCfg = Debug|Any CPU
		{57D332ED-0EB7-4D1C-A65D-3BE9C68CBFC7}.Debug|Any CPU.Build.0 = Debug|Any CPU
		{57D332ED-0EB7-4D1C-A65D-3BE9C68CBFC7}.Release|Any CPU.ActiveCfg = Release|Any CPU
		{57D332ED-0EB7-4D1C-A65D-3BE9C68CBFC7}.Release|Any CPU.Build.0 = Release|Any CPU
	EndGlobalSection
	GlobalSection(SolutionProperties) = preSolution
		HideSolutionNode = FALSE
	EndGlobalSection
	GlobalSection(ExtensibilityGlobals) = postSolution
		SolutionGuid = {D7EAE17C-DAAC-49A0-AD74-73044FDE4FBC}
	EndGlobalSection
EndGlobal
